
Microsoft Visual Studio Solution File, Format Version 12.00
# Visual Studio 2013
VisualStudioVersion = 12.0.31101.0
MinimumVisualStudioVersion = 10.0.40219.1
Project("{FAE04EC0-301F-11D3-BF4B-00C04F79EFBC}") = "NRepository.Core", "NRepository.Core\NRepository.Core.csproj", "{305568D8-ED3B-4174-8F55-58EB44A510C8}"
EndProject
Project("{FAE04EC0-301F-11D3-BF4B-00C04F79EFBC}") = "NRepository.Core.Tests", "NRepository.Core.Tests\NRepository.Core.Tests.csproj", "{B0E78925-E976-4B53-BFB3-D86D49B3A184}"
EndProject
Global
	GlobalSection(SolutionConfigurationPlatforms) = preSolution
		CSHARP_40|Any CPU = CSHARP_40|Any CPU
		Debug|Any CPU = Debug|Any CPU
		Release|Any CPU = Release|Any CPU
	EndGlobalSection
	GlobalSection(ProjectConfigurationPlatforms) = postSolution
		{305568D8-ED3B-4174-8F55-58EB44A510C8}.CSHARP_40|Any CPU.ActiveCfg = CSHARP_40|Any CPU
		{305568D8-ED3B-4174-8F55-58EB44A510C8}.CSHARP_40|Any CPU.Build.0 = CSHARP_40|Any CPU
		{305568D8-ED3B-4174-8F55-58EB44A510C8}.Debug|Any CPU.ActiveCfg = Debug|Any CPU
		{305568D8-ED3B-4174-8F55-58EB44A510C8}.Debug|Any CPU.Build.0 = Debug|Any CPU
		{305568D8-ED3B-4174-8F55-58EB44A510C8}.Release|Any CPU.ActiveCfg = Release|Any CPU
		{305568D8-ED3B-4174-8F55-58EB44A510C8}.Release|Any CPU.Build.0 = Release|Any CPU
		{B0E78925-E976-4B53-BFB3-D86D49B3A184}.CSHARP_40|Any CPU.ActiveCfg = CSHARP_40|Any CPU
		{B0E78925-E976-4B53-BFB3-D86D49B3A184}.CSHARP_40|Any CPU.Build.0 = CSHARP_40|Any CPU
		{B0E78925-E976-4B53-BFB3-D86D49B3A184}.Debug|Any CPU.ActiveCfg = Debug|Any CPU
		{B0E78925-E976-4B53-BFB3-D86D49B3A184}.Debug|Any CPU.Build.0 = Debug|Any CPU
		{B0E78925-E976-4B53-BFB3-D86D49B3A184}.Release|Any CPU.ActiveCfg = Release|Any CPU
		{B0E78925-E976-4B53-BFB3-D86D49B3A184}.Release|Any CPU.Build.0 = Release|Any CPU
	EndGlobalSection
	GlobalSection(SolutionProperties) = preSolution
		HideSolutionNode = FALSE
	EndGlobalSection
EndGlobal
